
Microsoft Visual Studio Solution File, Format Version 12.00
# Visual Studio Version 17
VisualStudioVersion = 17.8.34322.80
MinimumVisualStudioVersion = 10.0.40219.1
Project("{FAE04EC0-301F-11D3-BF4B-00C04F79EFBC}") = "Aplikasi-Pos", "Aplikasi-Pos\Aplikasi-Pos.csproj", "{92ED1A90-33CF-468C-BC7C-45E9CE640025}"
EndProject
Global
	GlobalSection(SolutionConfigurationPlatforms) = preSolution
		Debug|Any CPU = Debug|Any CPU
		Release|Any CPU = Release|Any CPU
	EndGlobalSection
	GlobalSection(ProjectConfigurationPlatforms) = postSolution
		{92ED1A90-33CF-468C-BC7C-45E9CE640025}.Debug|Any CPU.ActiveCfg = Debug|Any CPU
		{92ED1A90-33CF-468C-BC7C-45E9CE640025}.Debug|Any CPU.Build.0 = Debug|Any CPU
		{92ED1A90-33CF-468C-BC7C-45E9CE640025}.Release|Any CPU.ActiveCfg = Release|Any CPU
		{92ED1A90-33CF-468C-BC7C-45E9CE640025}.Release|Any CPU.Build.0 = Release|Any CPU
	EndGlobalSection
	GlobalSection(SolutionProperties) = preSolution
		HideSolutionNode = FALSE
	EndGlobalSection
	GlobalSection(ExtensibilityGlobals) = postSolution
		SolutionGuid = {102BF8F4-F59B-42C6-A6D7-19E7A73E4333}
	EndGlobalSection
EndGlobal
